
Microsoft Visual Studio Solution File, Format Version 12.00
# Visual Studio Version 17
VisualStudioVersion = 17.14.37012.4 d17.14
MinimumVisualStudioVersion = 10.0.40219.1
Project("{FAE04EC0-301F-11D3-BF4B-00C04F79EFBC}") = "Xylophone", "Xylophone\Xylophone.csproj", "{D9550E77-C20F-44D5-BC43-C9C09A46CBDB}"
EndProject
Global
	GlobalSection(SolutionConfigurationPlatforms) = preSolution
		Debug|Any CPU = Debug|Any CPU
		Debug|x64 = Debug|x64
		Release|Any CPU = Release|Any CPU
		Release|x64 = Release|x64
	EndGlobalSection
	GlobalSection(ProjectConfigurationPlatforms) = postSolution
		{D9550E77-C20F-44D5-BC43-C9C09A46CBDB}.Debug|Any CPU.ActiveCfg = Debug|Any CPU
		{D9550E77-C20F-44D5-BC43-C9C09A46CBDB}.Debug|Any CPU.Build.0 = Debug|Any CPU
		{D9550E77-C20F-44D5-BC43-C9C09A46CBDB}.Debug|x64.ActiveCfg = Debug|x64
		{D9550E77-C20F-44D5-BC43-C9C09A46CBDB}.Debug|x64.Build.0 = Debug|x64
		{D9550E77-C20F-44D5-BC43-C9C09A46CBDB}.Release|Any CPU.ActiveCfg = Release|Any CPU
		{D9550E77-C20F-44D5-BC43-C9C09A46CBDB}.Release|Any CPU.Build.0 = Release|Any CPU
		{D9550E77-C20F-44D5-BC43-C9C09A46CBDB}.Release|x64.ActiveCfg = Release|x64
		{D9550E77-C20F-44D5-BC43-C9C09A46CBDB}.Release|x64.Build.0 = Release|x64
	EndGlobalSection
	GlobalSection(SolutionProperties) = preSolution
		HideSolutionNode = FALSE
	EndGlobalSection
	GlobalSection(ExtensibilityGlobals) = postSolution
		SolutionGuid = {E26A398B-65B2-4CB3-9768-0E40F8CC973E}
	EndGlobalSection
EndGlobal
